<?xml version="1.0" encoding="utf-8"?>
<Project ToolsVersion="4.0" xmlns="http://schemas.microsoft.com/developer/msbuild/2003">
  <ItemGroup>
    <Filter Include="源文件">
      <UniqueIdentifier>{4FC737F1-C7A5-4376-A066-2A32D752A2FF}</UniqueIdentifier>
      <Extensions>cpp;c;cc;cxx;def;odl;idl;hpj;bat;asm;asmx</Extensions>
    </Filter>
    <Filter Include="头文件">
      <UniqueIdentifier>{93995380-89BD-4b04-88EB-625FBE52EBFB}</UniqueIdentifier>
      <Extensions>h;hpp;hxx;hm;inl;inc;xsd</Extensions>
    </Filter>
    <Filter Include="资源文件">
      <UniqueIdentifier>{67DA6AB6-F800-4c08-8B7A-83BB121AAD01}</UniqueIdentifier>
      <Extensions>rc;ico;cur;bmp;dlg;rc2;rct;bin;rgs;gif;jpg;jpeg;jpe;resx;tiff;tif;png;wav;mfcribbon-ms</Extensions>
    </Filter>
  </ItemGroup>
  <ItemGroup>
    <ClInclude Include="Log.h">
      <Filter>头文件</Filter>
    </ClInclude>
    <ClInclude Include="port.h">
      <Filter>头文件</Filter>
    </ClInclude>
    <ClInclude Include="Program.h">
      <Filter>头文件</Filter>
    </ClInclude>
    <ClInclude Include="Server.h">
      <Filter>头文件</Filter>
    </ClInclude>
    <ClInclude Include="SocketsInterface.h">
      <Filter>头文件</Filter>
    </ClInclude>
    <ClInclude Include="EchoService.h">
      <Filter>头文件</Filter>
    </ClInclude>
    <ClInclude Include="Command.h">
      <Filter>头文件</Filter>
    </ClInclude>
    <ClInclude Include="JSON.h">
      <Filter>头文件</Filter>
    </ClInclude>
    <ClInclude Include="JSONValue.h">
      <Filter>头文件</Filter>
    </ClInclude>
    <ClInclude Include="Common.h">
      <Filter>头文件</Filter>
    </ClInclude>
    <ClInclude Include="DataParms.h">
      <Filter>头文件</Filter>
    </ClInclude>
    <ClInclude Include="VIBussiness.h">
      <Filter>头文件</Filter>
    </ClInclude>
    <ClInclude Include="CameraMap.h">
      <Filter>头文件</Filter>
    </ClInclude>
    <ClInclude Include="VIInterface.h">
      <Filter>头文件</Filter>
    </ClInclude>
    <ClInclude Include="VIBase.h">
      <Filter>头文件</Filter>
    </ClInclude>
    <ClInclude Include="TakePhotoParms.h">
      <Filter>头文件</Filter>
    </ClInclude>
    <ClInclude Include="ThreadArguments.h">
      <Filter>头文件</Filter>
    </ClInclude>
    <ClInclude Include="VINotify.h">
      <Filter>头文件</Filter>
    </ClInclude>
    <ClInclude Include="ZBase64.h">
      <Filter>头文件</Filter>
    </ClInclude>
    <ClInclude Include="Camera.h">
      <Filter>头文件</Filter>
    </ClInclude>
    <ClInclude Include="Channel.h">
      <Filter>头文件</Filter>
    </ClInclude>
    <ClInclude Include="ChannelImg.h">
      <Filter>头文件</Filter>
    </ClInclude>
    <ClInclude Include="Tank.h">
      <Filter>头文件</Filter>
    </ClInclude>
    <ClInclude Include="SimulatedData.h">
      <Filter>头文件</Filter>
    </ClInclude>
    <ClInclude Include="VISetting.h">
      <Filter>头文件</Filter>
    </ClInclude>
    <ClInclude Include="StorgeImgMap.h">
      <Filter>头文件</Filter>
    </ClInclude>
    <ClInclude Include="CameraGroup.h">
      <Filter>头文件</Filter>
    </ClInclude>
    <ClInclude Include="VSParms.h">
      <Filter>头文件</Filter>
    </ClInclude>
    <ClInclude Include="OverlayParms.h">
      <Filter>头文件</Filter>
    </ClInclude>
    <ClInclude Include="RtspChannel.h">
      <Filter>头文件</Filter>
    </ClInclude>
    <ClInclude Include="VICoreInterface.h">
      <Filter>头文件</Filter>
    </ClInclude>
    <ClInclude Include="tinystr.h">
      <Filter>头文件</Filter>
    </ClInclude>
    <ClInclude Include="tinyxml.h">
      <Filter>头文件</Filter>
    </ClInclude>
    <ClInclude Include="XmlConfig.h">
      <Filter>头文件</Filter>
    </ClInclude>
    <ClInclude Include="UploadImage.h">
      <Filter>头文件</Filter>
    </ClInclude>
    <ClInclude Include="date.h">
      <Filter>头文件</Filter>
    </ClInclude>
    <ClInclude Include="FTPClient.h">
      <Filter>头文件</Filter>
    </ClInclude>
    <ClInclude Include="FileHelper.h">
      <Filter>头文件</Filter>
    </ClInclude>
    <ClInclude Include="MyMessageBox.h">
      <Filter>头文件</Filter>
    </ClInclude>
    <ClInclude Include="VIVideoDecoderInterface.h">
      <Filter>头文件</Filter>
    </ClInclude>
    <ClInclude Include="ReadRtsp.h">
      <Filter>头文件</Filter>
    </ClInclude>
    <ClInclude Include="FFmpegDecoder.h">
      <Filter>头文件</Filter>
    </ClInclude>
    <ClInclude Include="ColorArgument.h">
      <Filter>头文件</Filter>
    </ClInclude>
    <ClInclude Include="VideoFrameRate.h">
      <Filter>头文件</Filter>
    </ClInclude>
    <ClInclude Include="CameraGroupStatus.h">
      <Filter>头文件</Filter>
    </ClInclude>
    <ClInclude Include="TankGroupStatus.h">
      <Filter>头文件</Filter>
    </ClInclude>
    <ClInclude Include="TagStatus.h">
      <Filter>头文件</Filter>
    </ClInclude>
    <ClInclude Include="Person.h">
      <Filter>头文件</Filter>
    </ClInclude>
    <ClInclude Include="Md5Encode.h">
      <Filter>头文件</Filter>
    </ClInclude>
  </ItemGroup>
  <ItemGroup>
    <ClCompile Include="Log.cpp">
      <Filter>源文件</Filter>
    </ClCompile>
    <ClCompile Include="port.cpp">
      <Filter>源文件</Filter>
    </ClCompile>
    <ClCompile Include="Program.cpp">
      <Filter>源文件</Filter>
    </ClCompile>
    <ClCompile Include="Server.cpp">
      <Filter>源文件</Filter>
    </ClCompile>
    <ClCompile Include="SocketsInterface.cpp">
      <Filter>源文件</Filter>
    </ClCompile>
    <ClCompile Include="EchoService.cpp">
      <Filter>源文件</Filter>
    </ClCompile>
    <ClCompile Include="Command.cpp">
      <Filter>源文件</Filter>
    </ClCompile>
    <ClCompile Include="JSON.cpp">
      <Filter>源文件</Filter>
    </ClCompile>
    <ClCompile Include="JSONValue.cpp">
      <Filter>源文件</Filter>
    </ClCompile>
    <ClCompile Include="Common.cpp">
      <Filter>源文件</Filter>
    </ClCompile>
    <ClCompile Include="DataParms.cpp">
      <Filter>源文件</Filter>
    </ClCompile>
    <ClCompile Include="VIBussiness.cpp">
      <Filter>源文件</Filter>
    </ClCompile>
    <ClCompile Include="CameraMap.cpp">
      <Filter>源文件</Filter>
    </ClCompile>
    <ClCompile Include="VIBase.cpp">
      <Filter>源文件</Filter>
    </ClCompile>
    <ClCompile Include="TakePhotoParms.cpp">
      <Filter>源文件</Filter>
    </ClCompile>
    <ClCompile Include="VINotify.cpp">
      <Filter>源文件</Filter>
    </ClCompile>
    <ClCompile Include="ZBase64.cpp">
      <Filter>源文件</Filter>
    </ClCompile>
    <ClCompile Include="Camera.cpp">
      <Filter>源文件</Filter>
    </ClCompile>
    <ClCompile Include="Channel.cpp">
      <Filter>源文件</Filter>
    </ClCompile>
    <ClCompile Include="ChannelImg.cpp">
      <Filter>源文件</Filter>
    </ClCompile>
    <ClCompile Include="Tank.cpp">
      <Filter>源文件</Filter>
    </ClCompile>
    <ClCompile Include="SimulatedData.cpp">
      <Filter>源文件</Filter>
    </ClCompile>
    <ClCompile Include="VISetting.cpp">
      <Filter>源文件</Filter>
    </ClCompile>
    <ClCompile Include="StorgeImgMap.cpp">
      <Filter>源文件</Filter>
    </ClCompile>
    <ClCompile Include="CameraGroup.cpp">
      <Filter>源文件</Filter>
    </ClCompile>
    <ClCompile Include="VSParms.cpp">
      <Filter>源文件</Filter>
    </ClCompile>
    <ClCompile Include="OverlayParms.cpp">
      <Filter>源文件</Filter>
    </ClCompile>
    <ClCompile Include="RtspChannel.cpp">
      <Filter>源文件</Filter>
    </ClCompile>
    <ClCompile Include="VICoreInterface.cpp">
      <Filter>源文件</Filter>
    </ClCompile>
    <ClCompile Include="tinystr.cpp">
      <Filter>源文件</Filter>
    </ClCompile>
    <ClCompile Include="tinyxml.cpp">
      <Filter>源文件</Filter>
    </ClCompile>
    <ClCompile Include="tinyxmlerror.cpp">
      <Filter>源文件</Filter>
    </ClCompile>
    <ClCompile Include="tinyxmlparser.cpp">
      <Filter>源文件</Filter>
    </ClCompile>
    <ClCompile Include="XmlConfig.cpp">
      <Filter>源文件</Filter>
    </ClCompile>
    <ClCompile Include="UploadImage.cpp">
      <Filter>源文件</Filter>
    </ClCompile>
    <ClCompile Include="date.cpp">
      <Filter>源文件</Filter>
    </ClCompile>
    <ClCompile Include="FTPClient.cpp">
      <Filter>源文件</Filter>
    </ClCompile>
    <ClCompile Include="FileHelper.cpp">
      <Filter>源文件</Filter>
    </ClCompile>
    <ClCompile Include="MyMessageBox.cpp">
      <Filter>源文件</Filter>
    </ClCompile>
    <ClCompile Include="VIVideoDecoderInterface.cpp">
      <Filter>源文件</Filter>
    </ClCompile>
    <ClCompile Include="ReadRtsp.cpp">
      <Filter>源文件</Filter>
    </ClCompile>
    <ClCompile Include="FFmpegDecoder.cpp">
      <Filter>源文件</Filter>
    </ClCompile>
    <ClCompile Include="ColorArgument.cpp">
      <Filter>源文件</Filter>
    </ClCompile>
    <ClCompile Include="VideoFrameRate.cpp">
      <Filter>源文件</Filter>
    </ClCompile>
    <ClCompile Include="CameraGroupStatus.cpp">
      <Filter>源文件</Filter>
    </ClCompile>
    <ClCompile Include="TankGroupStatus.cpp">
      <Filter>源文件</Filter>
    </ClCompile>
    <ClCompile Include="TagStatus.cpp">
      <Filter>源文件</Filter>
    </ClCompile>
    <ClCompile Include="Person.cpp">
      <Filter>源文件</Filter>
    </ClCompile>
    <ClCompile Include="Md5Encode.cpp">
      <Filter>源文件</Filter>
    </ClCompile>
  </ItemGroup>
  <ItemGroup>
    <None Include="packages.config" />
  </ItemGroup>
</Project>